
Microsoft Visual Studio Solution File, Format Version 12.00
# Visual Studio Version 16
VisualStudioVersion = 16.0.30907.101
MinimumVisualStudioVersion = 10.0.40219.1
Project("{FAE04EC0-301F-11D3-BF4B-00C04F79EFBC}") = "RobotArm", "RobotArm\RobotArm.csproj", "{896EA84F-7B9A-4339-80F4-41621506EE5C}"
EndProject
Global
	GlobalSection(SolutionConfigurationPlatforms) = preSolution
		Debug|x64 = Debug|x64
	EndGlobalSection
	GlobalSection(ProjectConfigurationPlatforms) = postSolution
		{896EA84F-7B9A-4339-80F4-41621506EE5C}.Debug|x64.ActiveCfg = Debug|x64
		{896EA84F-7B9A-4339-80F4-41621506EE5C}.Debug|x64.Build.0 = Debug|x64
	EndGlobalSection
	GlobalSection(SolutionProperties) = preSolution
		HideSolutionNode = FALSE
	EndGlobalSection
	GlobalSection(ExtensibilityGlobals) = postSolution
		SolutionGuid = {4E7FBC9C-9708-48B5-92C4-990BC505FBFE}
	EndGlobalSection
EndGlobal
